
Microsoft Visual Studio Solution File, Format Version 12.00
Project("{FAE04EC0-301F-11D3-BF4B-00C04F79EFBC}") = "Tp", "Tp.csproj", "{1CE1091C-3637-4559-81E9-38224BB09667}"
EndProject
Global
	GlobalSection(SolutionConfigurationPlatforms) = preSolution
		Debug|Any CPU = Debug|Any CPU
		Release|Any CPU = Release|Any CPU
	EndGlobalSection
	GlobalSection(ProjectConfigurationPlatforms) = postSolution
		{1CE1091C-3637-4559-81E9-38224BB09667}.Debug|Any CPU.ActiveCfg = Debug|Any CPU
		{1CE1091C-3637-4559-81E9-38224BB09667}.Debug|Any CPU.Build.0 = Debug|Any CPU
		{1CE1091C-3637-4559-81E9-38224BB09667}.Release|Any CPU.ActiveCfg = Release|Any CPU
		{1CE1091C-3637-4559-81E9-38224BB09667}.Release|Any CPU.Build.0 = Release|Any CPU
	EndGlobalSection
EndGlobal
